// !$*UTF8*$!
{
	archiveVersion = 1;
	classes = {
	};
	objectVersion = 56;
	objects = {

/* Begin PBXBuildFile section */
		7BDEC47029E4384E001B60E4 /* AppDelegate.swift in Sources */ = {isa = PBXBuildFile; fileRef = 7BDEC46F29E4384E001B60E4 /* AppDelegate.swift */; };
		7BDEC47229E4384E001B60E4 /* SceneDelegate.swift in Sources */ = {isa = PBXBuildFile; fileRef = 7BDEC47129E4384E001B60E4 /* SceneDelegate.swift */; };
		7BDEC47929E43850001B60E4 /* Assets.xcassets in Resources */ = {isa = PBXBuildFile; fileRef = 7BDEC47829E43850001B60E4 /* Assets.xcassets */; };
		7BDEC47C29E43850001B60E4 /* LaunchScreen.storyboard in Resources */ = {isa = PBXBuildFile; fileRef = 7BDEC47A29E43850001B60E4 /* LaunchScreen.storyboard */; };
		7BDEC48429E43873001B60E4 /* View.swift in Sources */ = {isa = PBXBuildFile; fileRef = 7BDEC48329E43873001B60E4 /* View.swift */; };
		7BDEC48629E4387E001B60E4 /* Interactor.swift in Sources */ = {isa = PBXBuildFile; fileRef = 7BDEC48529E4387E001B60E4 /* Interactor.swift */; };
		7BDEC48829E4388D001B60E4 /* Router.swift in Sources */ = {isa = PBXBuildFile; fileRef = 7BDEC48729E4388D001B60E4 /* Router.swift */; };
		7BDEC48A29E43898001B60E4 /* Presenter.swift in Sources */ = {isa = PBXBuildFile; fileRef = 7BDEC48929E43898001B60E4 /* Presenter.swift */; };
		7BDEC48C29E438A4001B60E4 /* Entity.swift in Sources */ = {isa = PBXBuildFile; fileRef = 7BDEC48B29E438A4001B60E4 /* Entity.swift */; };
/* End PBXBuildFile section */

/* Begin PBXFileReference section */
		7BDEC46C29E4384E001B60E4 /* CryptoViperET.app */ = {isa = PBXFileReference; explicitFileType = wrapper.application; includeInIndex = 0; path = CryptoViperET.app; sourceTree = BUILT_PRODUCTS_DIR; };
		7BDEC46F29E4384E001B60E4 /* AppDelegate.swift */ = {isa = PBXFileReference; lastKnownFileType = sourcecode.swift; path = AppDelegate.swift; sourceTree = "<group>"; };
		7BDEC47129E4384E001B60E4 /* SceneDelegate.swift */ = {isa = PBXFileReference; lastKnownFileType = sourcecode.swift; path = SceneDelegate.swift; sourceTree = "<group>"; };
		7BDEC47829E43850001B60E4 /* Assets.xcassets */ = {isa = PBXFileReference; lastKnownFileType = folder.assetcatalog; path = Assets.xcassets; sourceTree = "<group>"; };
		7BDEC47B29E43850001B60E4 /* Base */ = {isa = PBXFileReference; lastKnownFileType = file.storyboard; name = Base; path = Base.lproj/LaunchScreen.storyboard; sourceTree = "<group>"; };
		7BDEC47D29E43850001B60E4 /* Info.plist */ = {isa = PBXFileReference; lastKnownFileType = text.plist.xml; path = Info.plist; sourceTree = "<group>"; };
		7BDEC48329E43873001B60E4 /* View.swift */ = {isa = PBXFileReference; lastKnownFileType = sourcecode.swift; path = View.swift; sourceTree = "<group>"; };
		7BDEC48529E4387E001B60E4 /* Interactor.swift */ = {isa = PBXFileReference; lastKnownFileType = sourcecode.swift; path = Interactor.swift; sourceTree = "<group>"; };
		7BDEC48729E4388D001B60E4 /* Router.swift */ = {isa = PBXFileReference; lastKnownFileType = sourcecode.swift; path = Router.swift; sourceTree = "<group>"; };
		7BDEC48929E43898001B60E4 /* Presenter.swift */ = {isa = PBXFileReference; lastKnownFileType = sourcecode.swift; path = Presenter.swift; sourceTree = "<group>"; };
		7BDEC48B29E438A4001B60E4 /* Entity.swift */ = {isa = PBXFileReference; lastKnownFileType = sourcecode.swift; path = Entity.swift; sourceTree = "<group>"; };
/* End PBXFileReference section */

/* Begin PBXFrameworksBuildPhase section */
		7BDEC46929E4384E001B60E4 /* Frameworks */ = {
			isa = PBXFrameworksBuildPhase;
			buildActionMask = 2147483647;
			files = (
			);
			runOnlyForDeploymentPostprocessing = 0;
		};
/* End PBXFrameworksBuildPhase section */

/* Begin PBXGroup section */
		7BDEC46329E4384E001B60E4 = {
			isa = PBXGroup;
			children = (
				7BDEC46E29E4384E001B60E4 /* CryptoViperET */,
				7BDEC46D29E4384E001B60E4 /* Products */,
			);
			sourceTree = "<group>";
		};
		7BDEC46D29E4384E001B60E4 /* Products */ = {
			isa = PBXGroup;
			children = (
				7BDEC46C29E4384E001B60E4 /* CryptoViperET.app */,
			);
			name = Products;
			sourceTree = "<group>";
		};
		7BDEC46E29E4384E001B60E4 /* CryptoViperET */ = {
			isa = PBXGroup;
			children = (
				7BDEC46F29E4384E001B60E4 /* AppDelegate.swift */,
				7BDEC47129E4384E001B60E4 /* SceneDelegate.swift */,
				7BDEC47829E43850001B60E4 /* Assets.xcassets */,
				7BDEC47A29E43850001B60E4 /* LaunchScreen.storyboard */,
				7BDEC47D29E43850001B60E4 /* Info.plist */,
				7BDEC48329E43873001B60E4 /* View.swift */,
				7BDEC48529E4387E001B60E4 /* Interactor.swift */,
				7BDEC48729E4388D001B60E4 /* Router.swift */,
				7BDEC48929E43898001B60E4 /* Presenter.swift */,
				7BDEC48B29E438A4001B60E4 /* Entity.swift */,
			);
			path = CryptoViperET;
			sourceTree = "<group>";
		};
/* End PBXGroup section */

/* Begin PBXNativeTarget section */
		7BDEC46B29E4384E001B60E4 /* CryptoViperET */ = {
			isa = PBXNativeTarget;
			buildConfigurationList = 7BDEC48029E43850001B60E4 /* Build configuration list for PBXNativeTarget "CryptoViperET" */;
			buildPhases = (
				7BDEC46829E4384E001B60E4 /* Sources */,
				7BDEC46929E4384E001B60E4 /* Frameworks */,
				7BDEC46A29E4384E001B60E4 /* Resources */,
			);
			buildRules = (
			);
			dependencies = (
			);
			name = CryptoViperET;
			productName = CryptoViperET;
			productReference = 7BDEC46C29E4384E001B60E4 /* CryptoViperET.app */;
			productType = "com.apple.product-type.application";
		};
/* End PBXNativeTarget section */

/* Begin PBXProject section */
		7BDEC46429E4384E001B60E4 /* Project object */ = {
			isa = PBXProject;
			attributes = {
				BuildIndependentTargetsInParallel = 1;
				LastSwiftUpdateCheck = 1400;
				LastUpgradeCheck = 1400;
				TargetAttributes = {
					7BDEC46B29E4384E001B60E4 = {
						CreatedOnToolsVersion = 14.0.1;
					};
				};
			};
			buildConfigurationList = 7BDEC46729E4384E001B60E4 /* Build configuration list for PBXProject "CryptoViperET" */;
			compatibilityVersion = "Xcode 14.0";
			developmentRegion = en;
			hasScannedForEncodings = 0;
			knownRegions = (
				en,
				Base,
			);
			mainGroup = 7BDEC46329E4384E001B60E4;
			productRefGroup = 7BDEC46D29E4384E001B60E4 /* Products */;
			projectDirPath = "";
			projectRoot = "";
			targets = (
				7BDEC46B29E4384E001B60E4 /* CryptoViperET */,
			);
		};
/* End PBXProject section */

/* Begin PBXResourcesBuildPhase section */
		7BDEC46A29E4384E001B60E4 /* Resources */ = {
			isa = PBXResourcesBuildPhase;
			buildActionMask = 2147483647;
			files = (
				7BDEC47C29E43850001B60E4 /* LaunchScreen.storyboard in Resources */,
				7BDEC47929E43850001B60E4 /* Assets.xcassets in Resources */,
			);
			runOnlyForDeploymentPostprocessing = 0;
		};
/* End PBXResourcesBuildPhase section */

/* Begin PBXSourcesBuildPhase section */
		7BDEC46829E4384E001B60E4 /* Sources */ = {
			isa = PBXSourcesBuildPhase;
			buildActionMask = 2147483647;
			files = (
				7BDEC48429E43873001B60E4 /* View.swift in Sources */,
				7BDEC48A29E43898001B60E4 /* Presenter.swift in Sources */,
				7BDEC48629E4387E001B60E4 /* Interactor.swift in Sources */,
				7BDEC48C29E438A4001B60E4 /* Entity.swift in Sources */,
				7BDEC47029E4384E001B60E4 /* AppDelegate.swift in Sources */,
				7BDEC48829E4388D001B60E4 /* Router.swift in Sources */,
				7BDEC47229E4384E001B60E4 /* SceneDelegate.swift in Sources */,
			);
			runOnlyForDeploymentPostprocessing = 0;
		};
/* End PBXSourcesBuildPhase section */

/* Begin PBXVariantGroup section */
		7BDEC47A29E43850001B60E4 /* LaunchScreen.storyboard */ = {
			isa = PBXVariantGroup;
			children = (
				7BDEC47B29E43850001B60E4 /* Base */,
			);
			name = LaunchScreen.storyboard;
			sourceTree = "<group>";
		};
/* End PBXVariantGroup section */

/* Begin XCBuildConfiguration section */
		7BDEC47E29E43850001B60E4 /* Debug */ = {
			isa = XCBuildConfiguration;
			buildSettings = {
				ALWAYS_SEARCH_USER_PATHS = NO;
				CLANG_ANALYZER_NONNULL = YES;
				CLANG_ANALYZER_NUMBER_OBJECT_CONVERSION = YES_AGGRESSIVE;
				CLANG_CXX_LANGUAGE_STANDARD = "gnu++20";
				CLANG_ENABLE_MODULES = YES;
				CLANG_ENABLE_OBJC_ARC = YES;
				CLANG_ENABLE_OBJC_WEAK = YES;
				CLANG_WARN_BLOCK_CAPTURE_AUTORELEASING = YES;
				CLANG_WARN_BOOL_CONVERSION = YES;
				CLANG_WARN_COMMA = YES;
				CLANG_WARN_CONSTANT_CONVERSION = YES;
				CLANG_WARN_DEPRECATED_OBJC_IMPLEMENTATIONS = YES;
				CLANG_WARN_DIRECT_OBJC_ISA_USAGE = YES_ERROR;
				CLANG_WARN_DOCUMENTATION_COMMENTS = YES;
				CLANG_WARN_EMPTY_BODY = YES;
				CLANG_WARN_ENUM_CONVERSION = YES;
				CLANG_WARN_INFINITE_RECURSION = YES;
				CLANG_WARN_INT_CONVERSION = YES;
				CLANG_WARN_NON_LITERAL_NULL_CONVERSION = YES;
				CLANG_WARN_OBJC_IMPLICIT_RETAIN_SELF = YES;
				CLANG_WARN_OBJC_LITERAL_CONVERSION = YES;
				CLANG_WARN_OBJC_ROOT_CLASS = YES_ERROR;
				CLANG_WARN_QUOTED_INCLUDE_IN_FRAMEWORK_HEADER = YES;
				CLANG_WARN_RANGE_LOOP_ANALYSIS = YES;
				CLANG_WARN_STRICT_PROTOTYPES = YES;
				CLANG_WARN_SUSPICIOUS_MOVE = YES;
				CLANG_WARN_UNGUARDED_AVAILABILITY = YES_AGGRESSIVE;
				CLANG_WARN_UNREACHABLE_CODE = YES;
				CLANG_WARN__DUPLICATE_METHOD_MATCH = YES;
				COPY_PHASE_STRIP = NO;
				DEBUG_INFORMATION_FORMAT = dwarf;
				ENABLE_STRICT_OBJC_MSGSEND = YES;
				ENABLE_TESTABILITY = YES;
				GCC_C_LANGUAGE_STANDARD = gnu11;
				GCC_DYNAMIC_NO_PIC = NO;
				GCC_NO_COMMON_BLOCKS = YES;
				GCC_OPTIMIZATION_LEVEL = 0;
				GCC_PREPROCESSOR_DEFINITIONS = (
					"DEBUG=1",
					"$(inherited)",
				);
				GCC_WARN_64_TO_32_BIT_CONVERSION = YES;
				GCC_WARN_ABOUT_RETURN_TYPE = YES_ERROR;
				GCC_WARN_UNDECLARED_SELECTOR = YES;
				GCC_WARN_UNINITIALIZED_AUTOS = YES_AGGRESSIVE;
				GCC_WARN_UNUSED_FUNCTION = YES;
				GCC_WARN_UNUSED_VARIABLE = YES;
				IPHONEOS_DEPLOYMENT_TARGET = 16.0;
				MTL_ENABLE_DEBUG_INFO = INCLUDE_SOURCE;
				MTL_FAST_MATH = YES;
				ONLY_ACTIVE_ARCH = YES;
				SDKROOT = iphoneos;
				SWIFT_ACTIVE_COMPILATION_CONDITIONS = DEBUG;
				SWIFT_OPTIMIZATION_LEVEL = "-Onone";
			};
			name = Debug;
		};
		7BDEC47F29E43850001B60E4 /* Release */ = {
			isa = XCBuildConfiguration;
			buildSettings = {
				ALWAYS_SEARCH_USER_PATHS = NO;
				CLANG_ANALYZER_NONNULL = YES;
				CLANG_ANALYZER_NUMBER_OBJECT_CONVERSION = YES_AGGRESSIVE;
				CLANG_CXX_LANGUAGE_STANDARD = "gnu++20";
				CLANG_ENABLE_MODULES = YES;
				CLANG_ENABLE_OBJC_ARC = YES;
				CLANG_ENABLE_OBJC_WEAK = YES;
				CLANG_WARN_BLOCK_CAPTURE_AUTORELEASING = YES;
				CLANG_WARN_BOOL_CONVERSION = YES;
				CLANG_WARN_COMMA = YES;
				CLANG_WARN_CONSTANT_CONVERSION = YES;
				CLANG_WARN_DEPRECATED_OBJC_IMPLEMENTATIONS = YES;
				CLANG_WARN_DIRECT_OBJC_ISA_USAGE = YES_ERROR;
				CLANG_WARN_DOCUMENTATION_COMMENTS = YES;
				CLANG_WARN_EMPTY_BODY = YES;
				CLANG_WARN_ENUM_CONVERSION = YES;
				CLANG_WARN_INFINITE_RECURSION = YES;
				CLANG_WARN_INT_CONVERSION = YES;
				CLANG_WARN_NON_LITERAL_NULL_CONVERSION = YES;
				CLANG_WARN_OBJC_IMPLICIT_RETAIN_SELF = YES;
				CLANG_WARN_OBJC_LITERAL_CONVERSION = YES;
				CLANG_WARN_OBJC_ROOT_CLASS = YES_ERROR;
				CLANG_WARN_QUOTED_INCLUDE_IN_FRAMEWORK_HEADER = YES;
				CLANG_WARN_RANGE_LOOP_ANALYSIS = YES;
				CLANG_WARN_STRICT_PROTOTYPES = YES;
				CLANG_WARN_SUSPICIOUS_MOVE = YES;
				CLANG_WARN_UNGUARDED_AVAILABILITY = YES_AGGRESSIVE;
				CLANG_WARN_UNREACHABLE_CODE = YES;
				CLANG_WARN__DUPLICATE_METHOD_MATCH = YES;
				COPY_PHASE_STRIP = NO;
				DEBUG_INFORMATION_FORMAT = "dwarf-with-dsym";
				ENABLE_NS_ASSERTIONS = NO;
				ENABLE_STRICT_OBJC_MSGSEND = YES;
				GCC_C_LANGUAGE_STANDARD = gnu11;
				GCC_NO_COMMON_BLOCKS = YES;
				GCC_WARN_64_TO_32_BIT_CONVERSION = YES;
				GCC_WARN_ABOUT_RETURN_TYPE = YES_ERROR;
				GCC_WARN_UNDECLARED_SELECTOR = YES;
				GCC_WARN_UNINITIALIZED_AUTOS = YES_AGGRESSIVE;
				GCC_WARN_UNUSED_FUNCTION = YES;
				GCC_WARN_UNUSED_VARIABLE = YES;
				IPHONEOS_DEPLOYMENT_TARGET = 16.0;
				MTL_ENABLE_DEBUG_INFO = NO;
				MTL_FAST_MATH = YES;
				SDKROOT = iphoneos;
				SWIFT_COMPILATION_MODE = wholemodule;
				SWIFT_OPTIMIZATION_LEVEL = "-O";
				VALIDATE_PRODUCT = YES;
			};
			name = Release;
		};
		7BDEC48129E43850001B60E4 /* Debug */ = {
			isa = XCBuildConfiguration;
			buildSettings = {
				ASSETCATALOG_COMPILER_APPICON_NAME = AppIcon;
				ASSETCATALOG_COMPILER_GLOBAL_ACCENT_COLOR_NAME = AccentColor;
				CODE_SIGN_STYLE = Automatic;
				CURRENT_PROJECT_VERSION = 1;
				DEVELOPMENT_TEAM = QZ24H8XDF7;
				GENERATE_INFOPLIST_FILE = YES;
				INFOPLIST_FILE = CryptoViperET/Info.plist;
				INFOPLIST_KEY_UIApplicationSupportsIndirectInputEvents = YES;
				INFOPLIST_KEY_UILaunchStoryboardName = LaunchScreen;
				INFOPLIST_KEY_UISupportedInterfaceOrientations_iPad = "UIInterfaceOrientationPortrait UIInterfaceOrientationPortraitUpsideDown UIInterfaceOrientationLandscapeLeft UIInterfaceOrientationLandscapeRight";
				INFOPLIST_KEY_UISupportedInterfaceOrientations_iPhone = "UIInterfaceOrientationPortrait UIInterfaceOrientationLandscapeLeft UIInterfaceOrientationLandscapeRight";
				LD_RUNPATH_SEARCH_PATHS = (
					"$(inherited)",
					"@executable_path/Frameworks",
				);
				MARKETING_VERSION = 1.0;
				PRODUCT_BUNDLE_IDENTIFIER = com.ezgiturgut.CryptoViperET;
				PRODUCT_NAME = "$(TARGET_NAME)";
				SWIFT_EMIT_LOC_STRINGS = YES;
				SWIFT_VERSION = 5.0;
				TARGETED_DEVICE_FAMILY = "1,2";
			};
			name = Debug;
		};
		7BDEC48229E43850001B60E4 /* Release */ = {
			isa = XCBuildConfiguration;
			buildSettings = {
				ASSETCATALOG_COMPILER_APPICON_NAME = AppIcon;
				ASSETCATALOG_COMPILER_GLOBAL_ACCENT_COLOR_NAME = AccentColor;
				CODE_SIGN_STYLE = Automatic;
				CURRENT_PROJECT_VERSION = 1;
				DEVELOPMENT_TEAM = QZ24H8XDF7;
				GENERATE_INFOPLIST_FILE = YES;
				INFOPLIST_FILE = CryptoViperET/Info.plist;
				INFOPLIST_KEY_UIApplicationSupportsIndirectInputEvents = YES;
				INFOPLIST_KEY_UILaunchStoryboardName = LaunchScreen;
				INFOPLIST_KEY_UISupportedInterfaceOrientations_iPad = "UIInterfaceOrientationPortrait UIInterfaceOrientationPortraitUpsideDown UIInterfaceOrientationLandscapeLeft UIInterfaceOrientationLandscapeRight";
				INFOPLIST_KEY_UISupportedInterfaceOrientations_iPhone = "UIInterfaceOrientationPortrait UIInterfaceOrientationLandscapeLeft UIInterfaceOrientationLandscapeRight";
				LD_RUNPATH_SEARCH_PATHS = (
					"$(inherited)",
					"@executable_path/Frameworks",
				);
				MARKETING_VERSION = 1.0;
				PRODUCT_BUNDLE_IDENTIFIER = com.ezgiturgut.CryptoViperET;
				PRODUCT_NAME = "$(TARGET_NAME)";
				SWIFT_EMIT_LOC_STRINGS = YES;
				SWIFT_VERSION = 5.0;
				TARGETED_DEVICE_FAMILY = "1,2";
			};
			name = Release;
		};
/* End XCBuildConfiguration section */

/* Begin XCConfigurationList section */
		7BDEC46729E4384E001B60E4 /* Build configuration list for PBXProject "CryptoViperET" */ = {
			isa = XCConfigurationList;
			buildConfigurations = (
				7BDEC47E29E43850001B60E4 /* Debug */,
				7BDEC47F29E43850001B60E4 /* Release */,
			);
			defaultConfigurationIsVisible = 0;
			defaultConfigurationName = Release;
		};
		7BDEC48029E43850001B60E4 /* Build configuration list for PBXNativeTarget "CryptoViperET" */ = {
			isa = XCConfigurationList;
			buildConfigurations = (
				7BDEC48129E43850001B60E4 /* Debug */,
				7BDEC48229E43850001B60E4 /* Release */,
			);
			defaultConfigurationIsVisible = 0;
			defaultConfigurationName = Release;
		};
/* End XCConfigurationList section */
	};
	rootObject = 7BDEC46429E4384E001B60E4 /* Project object */;
}
